// !$*UTF8*$!
{
	archiveVersion = 1;
	classes = {
	};
	objectVersion = 56;
	objects = {

/* Begin PBXBuildFile section */
		0D98C6472A123773006BF05F /* CalculatorApp.swift in Sources */ = {isa = PBXBuildFile; fileRef = 0D98C6462A123773006BF05F /* CalculatorApp.swift */; };
		0D98C64B2A123774006BF05F /* Assets.xcassets in Resources */ = {isa = PBXBuildFile; fileRef = 0D98C64A2A123774006BF05F /* Assets.xcassets */; };
		0D98C64E2A123774006BF05F /* Preview Assets.xcassets in Resources */ = {isa = PBXBuildFile; fileRef = 0D98C64D2A123774006BF05F /* Preview Assets.xcassets */; };
		0D98C6762A12387F006BF05F /* ContentView.swift in Sources */ = {isa = PBXBuildFile; fileRef = 0D98C6752A12387F006BF05F /* ContentView.swift */; };
		0D98C67B2A12388F006BF05F /* Buttons.swift in Sources */ = {isa = PBXBuildFile; fileRef = 0D98C6782A12388F006BF05F /* Buttons.swift */; };
		0D98C67C2A12388F006BF05F /* OperationsModel.swift in Sources */ = {isa = PBXBuildFile; fileRef = 0D98C67A2A12388F006BF05F /* OperationsModel.swift */; };
		0D98C68F2A1270CE006BF05F /* InfoPlist.strings in Resources */ = {isa = PBXBuildFile; fileRef = 0D98C6912A1270CE006BF05F /* InfoPlist.strings */; };
/* End PBXBuildFile section */

/* Begin PBXFileReference section */
		0D98C6432A123773006BF05F /* Calculator - fbill.app */ = {isa = PBXFileReference; explicitFileType = wrapper.application; includeInIndex = 0; path = "Calculator - fbill.app"; sourceTree = BUILT_PRODUCTS_DIR; };
		0D98C6462A123773006BF05F /* CalculatorApp.swift */ = {isa = PBXFileReference; lastKnownFileType = sourcecode.swift; path = CalculatorApp.swift; sourceTree = "<group>"; };
		0D98C64A2A123774006BF05F /* Assets.xcassets */ = {isa = PBXFileReference; lastKnownFileType = folder.assetcatalog; path = Assets.xcassets; sourceTree = "<group>"; };
		0D98C64D2A123774006BF05F /* Preview Assets.xcassets */ = {isa = PBXFileReference; lastKnownFileType = folder.assetcatalog; path = "Preview Assets.xcassets"; sourceTree = "<group>"; };
		0D98C6752A12387F006BF05F /* ContentView.swift */ = {isa = PBXFileReference; fileEncoding = 4; lastKnownFileType = sourcecode.swift; path = ContentView.swift; sourceTree = "<group>"; };
		0D98C6782A12388F006BF05F /* Buttons.swift */ = {isa = PBXFileReference; fileEncoding = 4; lastKnownFileType = sourcecode.swift; path = Buttons.swift; sourceTree = "<group>"; };
		0D98C67A2A12388F006BF05F /* OperationsModel.swift */ = {isa = PBXFileReference; fileEncoding = 4; lastKnownFileType = sourcecode.swift; path = OperationsModel.swift; sourceTree = "<group>"; };
		0D98C6902A1270CE006BF05F /* en */ = {isa = PBXFileReference; lastKnownFileType = text.plist.strings; name = en; path = en.lproj/InfoPlist.strings; sourceTree = "<group>"; };
		0D98C6922A1270D4006BF05F /* es */ = {isa = PBXFileReference; lastKnownFileType = text.plist.strings; name = es; path = es.lproj/InfoPlist.strings; sourceTree = "<group>"; };
		0D98C6932A1270D5006BF05F /* es-419 */ = {isa = PBXFileReference; lastKnownFileType = text.plist.strings; name = "es-419"; path = "es-419.lproj/InfoPlist.strings"; sourceTree = "<group>"; };
		0D98C69A2A1274C5006BF05F /* en-AU */ = {isa = PBXFileReference; lastKnownFileType = text.plist.strings; name = "en-AU"; path = "en-AU.lproj/InfoPlist.strings"; sourceTree = "<group>"; };
		0D98C69B2A1274C9006BF05F /* en-IN */ = {isa = PBXFileReference; lastKnownFileType = text.plist.strings; name = "en-IN"; path = "en-IN.lproj/InfoPlist.strings"; sourceTree = "<group>"; };
		0D98C69C2A1274CD006BF05F /* en-GB */ = {isa = PBXFileReference; lastKnownFileType = text.plist.strings; name = "en-GB"; path = "en-GB.lproj/InfoPlist.strings"; sourceTree = "<group>"; };
		0DC7FA482A127568006D08AC /* fr */ = {isa = PBXFileReference; lastKnownFileType = text.plist.strings; name = fr; path = fr.lproj/InfoPlist.strings; sourceTree = "<group>"; };
		0DC7FA492A1275A0006D08AC /* fr-CA */ = {isa = PBXFileReference; lastKnownFileType = text.plist.strings; name = "fr-CA"; path = "fr-CA.lproj/InfoPlist.strings"; sourceTree = "<group>"; };
		0DC7FA4A2A1275D9006D08AC /* de */ = {isa = PBXFileReference; lastKnownFileType = text.plist.strings; name = de; path = de.lproj/InfoPlist.strings; sourceTree = "<group>"; };
		0DC7FA4B2A1275EF006D08AC /* pt-BR */ = {isa = PBXFileReference; lastKnownFileType = text.plist.strings; name = "pt-BR"; path = "pt-BR.lproj/InfoPlist.strings"; sourceTree = "<group>"; };
		0DC7FA4C2A127600006D08AC /* pt-PT */ = {isa = PBXFileReference; lastKnownFileType = text.plist.strings; name = "pt-PT"; path = "pt-PT.lproj/InfoPlist.strings"; sourceTree = "<group>"; };
		0DC7FA4D2A12761B006D08AC /* es-CO */ = {isa = PBXFileReference; lastKnownFileType = text.plist.strings; name = "es-CO"; path = "es-CO.lproj/InfoPlist.strings"; sourceTree = "<group>"; };
/* End PBXFileReference section */

/* Begin PBXFrameworksBuildPhase section */
		0D98C6402A123773006BF05F /* Frameworks */ = {
			isa = PBXFrameworksBuildPhase;
			buildActionMask = 2147483647;
			files = (
			);
			runOnlyForDeploymentPostprocessing = 0;
		};
/* End PBXFrameworksBuildPhase section */

/* Begin PBXGroup section */
		0D98C63A2A123773006BF05F = {
			isa = PBXGroup;
			children = (
				0D98C6452A123773006BF05F /* Calculator */,
				0D98C6442A123773006BF05F /* Products */,
			);
			sourceTree = "<group>";
		};
		0D98C6442A123773006BF05F /* Products */ = {
			isa = PBXGroup;
			children = (
				0D98C6432A123773006BF05F /* Calculator - fbill.app */,
			);
			name = Products;
			sourceTree = "<group>";
		};
		0D98C6452A123773006BF05F /* Calculator */ = {
			isa = PBXGroup;
			children = (
				0D98C6772A12388F006BF05F /* Helpers */,
				0D98C6792A12388F006BF05F /* Models */,
				0D98C6742A12387F006BF05F /* Views */,
				0D98C6462A123773006BF05F /* CalculatorApp.swift */,
				0D98C6912A1270CE006BF05F /* InfoPlist.strings */,
				0D98C64A2A123774006BF05F /* Assets.xcassets */,
				0D98C64C2A123774006BF05F /* Preview Content */,
			);
			path = Calculator;
			sourceTree = "<group>";
		};
		0D98C64C2A123774006BF05F /* Preview Content */ = {
			isa = PBXGroup;
			children = (
				0D98C64D2A123774006BF05F /* Preview Assets.xcassets */,
			);
			path = "Preview Content";
			sourceTree = "<group>";
		};
		0D98C6742A12387F006BF05F /* Views */ = {
			isa = PBXGroup;
			children = (
				0D98C6752A12387F006BF05F /* ContentView.swift */,
			);
			path = Views;
			sourceTree = "<group>";
		};
		0D98C6772A12388F006BF05F /* Helpers */ = {
			isa = PBXGroup;
			children = (
				0D98C6782A12388F006BF05F /* Buttons.swift */,
			);
			name = Helpers;
			path = Calculator/Helpers;
			sourceTree = SOURCE_ROOT;
		};
		0D98C6792A12388F006BF05F /* Models */ = {
			isa = PBXGroup;
			children = (
				0D98C67A2A12388F006BF05F /* OperationsModel.swift */,
			);
			name = Models;
			path = Calculator/Models;
			sourceTree = SOURCE_ROOT;
		};
/* End PBXGroup section */

/* Begin PBXNativeTarget section */
		0D98C6422A123773006BF05F /* Calculator - fbill */ = {
			isa = PBXNativeTarget;
			buildConfigurationList = 0D98C6512A123774006BF05F /* Build configuration list for PBXNativeTarget "Calculator - fbill" */;
			buildPhases = (
				0D98C63F2A123773006BF05F /* Sources */,
				0D98C6402A123773006BF05F /* Frameworks */,
				0D98C6412A123773006BF05F /* Resources */,
			);
			buildRules = (
			);
			dependencies = (
			);
			name = "Calculator - fbill";
			productName = Calculator;
			productReference = 0D98C6432A123773006BF05F /* Calculator - fbill.app */;
			productType = "com.apple.product-type.application";
		};
/* End PBXNativeTarget section */

/* Begin PBXProject section */
		0D98C63B2A123773006BF05F /* Project object */ = {
			isa = PBXProject;
			attributes = {
				BuildIndependentTargetsInParallel = 1;
				LastSwiftUpdateCheck = 1430;
				LastUpgradeCheck = 1430;
				TargetAttributes = {
					0D98C6422A123773006BF05F = {
						CreatedOnToolsVersion = 14.3;
					};
				};
			};
			buildConfigurationList = 0D98C63E2A123773006BF05F /* Build configuration list for PBXProject "Calculator" */;
			compatibilityVersion = "Xcode 14.0";
			developmentRegion = en;
			hasScannedForEncodings = 0;
			knownRegions = (
				en,
				Base,
				"es-419",
				es,
				"en-AU",
				"en-IN",
				"en-GB",
				fr,
				"fr-CA",
				de,
				"pt-BR",
				"pt-PT",
				"es-CO",
			);
			mainGroup = 0D98C63A2A123773006BF05F;
			productRefGroup = 0D98C6442A123773006BF05F /* Products */;
			projectDirPath = "";
			projectRoot = "";
			targets = (
				0D98C6422A123773006BF05F /* Calculator - fbill */,
			);
		};
/* End PBXProject section */

/* Begin PBXResourcesBuildPhase section */
		0D98C6412A123773006BF05F /* Resources */ = {
			isa = PBXResourcesBuildPhase;
			buildActionMask = 2147483647;
			files = (
				0D98C64E2A123774006BF05F /* Preview Assets.xcassets in Resources */,
				0D98C68F2A1270CE006BF05F /* InfoPlist.strings in Resources */,
				0D98C64B2A123774006BF05F /* Assets.xcassets in Resources */,
			);
			runOnlyForDeploymentPostprocessing = 0;
		};
/* End PBXResourcesBuildPhase section */

/* Begin PBXSourcesBuildPhase section */
		0D98C63F2A123773006BF05F /* Sources */ = {
			isa = PBXSourcesBuildPhase;
			buildActionMask = 2147483647;
			files = (
				0D98C6472A123773006BF05F /* CalculatorApp.swift in Sources */,
				0D98C6762A12387F006BF05F /* ContentView.swift in Sources */,
				0D98C67C2A12388F006BF05F /* OperationsModel.swift in Sources */,
				0D98C67B2A12388F006BF05F /* Buttons.swift in Sources */,
			);
			runOnlyForDeploymentPostprocessing = 0;
		};
/* End PBXSourcesBuildPhase section */

/* Begin PBXVariantGroup section */
		0D98C6912A1270CE006BF05F /* InfoPlist.strings */ = {
			isa = PBXVariantGroup;
			children = (
				0D98C6902A1270CE006BF05F /* en */,
				0D98C6922A1270D4006BF05F /* es */,
				0D98C6932A1270D5006BF05F /* es-419 */,
				0D98C69A2A1274C5006BF05F /* en-AU */,
				0D98C69B2A1274C9006BF05F /* en-IN */,
				0D98C69C2A1274CD006BF05F /* en-GB */,
				0DC7FA482A127568006D08AC /* fr */,
				0DC7FA492A1275A0006D08AC /* fr-CA */,
				0DC7FA4A2A1275D9006D08AC /* de */,
				0DC7FA4B2A1275EF006D08AC /* pt-BR */,
				0DC7FA4C2A127600006D08AC /* pt-PT */,
				0DC7FA4D2A12761B006D08AC /* es-CO */,
			);
			name = InfoPlist.strings;
			sourceTree = "<group>";
		};
/* End PBXVariantGroup section */

/* Begin XCBuildConfiguration section */
		0D98C64F2A123774006BF05F /* Debug */ = {
			isa = XCBuildConfiguration;
			buildSettings = {
				ALWAYS_SEARCH_USER_PATHS = NO;
				CLANG_ANALYZER_NONNULL = YES;
				CLANG_ANALYZER_NUMBER_OBJECT_CONVERSION = YES_AGGRESSIVE;
				CLANG_CXX_LANGUAGE_STANDARD = "gnu++20";
				CLANG_ENABLE_MODULES = YES;
				CLANG_ENABLE_OBJC_ARC = YES;
				CLANG_ENABLE_OBJC_WEAK = YES;
				CLANG_WARN_BLOCK_CAPTURE_AUTORELEASING = YES;
				CLANG_WARN_BOOL_CONVERSION = YES;
				CLANG_WARN_COMMA = YES;
				CLANG_WARN_CONSTANT_CONVERSION = YES;
				CLANG_WARN_DEPRECATED_OBJC_IMPLEMENTATIONS = YES;
				CLANG_WARN_DIRECT_OBJC_ISA_USAGE = YES_ERROR;
				CLANG_WARN_DOCUMENTATION_COMMENTS = YES;
				CLANG_WARN_EMPTY_BODY = YES;
				CLANG_WARN_ENUM_CONVERSION = YES;
				CLANG_WARN_INFINITE_RECURSION = YES;
				CLANG_WARN_INT_CONVERSION = YES;
				CLANG_WARN_NON_LITERAL_NULL_CONVERSION = YES;
				CLANG_WARN_OBJC_IMPLICIT_RETAIN_SELF = YES;
				CLANG_WARN_OBJC_LITERAL_CONVERSION = YES;
				CLANG_WARN_OBJC_ROOT_CLASS = YES_ERROR;
				CLANG_WARN_QUOTED_INCLUDE_IN_FRAMEWORK_HEADER = YES;
				CLANG_WARN_RANGE_LOOP_ANALYSIS = YES;
				CLANG_WARN_STRICT_PROTOTYPES = YES;
				CLANG_WARN_SUSPICIOUS_MOVE = YES;
				CLANG_WARN_UNGUARDED_AVAILABILITY = YES_AGGRESSIVE;
				CLANG_WARN_UNREACHABLE_CODE = YES;
				CLANG_WARN__DUPLICATE_METHOD_MATCH = YES;
				COPY_PHASE_STRIP = NO;
				DEBUG_INFORMATION_FORMAT = dwarf;
				ENABLE_STRICT_OBJC_MSGSEND = YES;
				ENABLE_TESTABILITY = YES;
				GCC_C_LANGUAGE_STANDARD = gnu11;
				GCC_DYNAMIC_NO_PIC = NO;
				GCC_NO_COMMON_BLOCKS = YES;
				GCC_OPTIMIZATION_LEVEL = 0;
				GCC_PREPROCESSOR_DEFINITIONS = (
					"DEBUG=1",
					"$(inherited)",
				);
				GCC_WARN_64_TO_32_BIT_CONVERSION = YES;
				GCC_WARN_ABOUT_RETURN_TYPE = YES_ERROR;
				GCC_WARN_UNDECLARED_SELECTOR = YES;
				GCC_WARN_UNINITIALIZED_AUTOS = YES_AGGRESSIVE;
				GCC_WARN_UNUSED_FUNCTION = YES;
				GCC_WARN_UNUSED_VARIABLE = YES;
				IPHONEOS_DEPLOYMENT_TARGET = 16.4;
				MTL_ENABLE_DEBUG_INFO = INCLUDE_SOURCE;
				MTL_FAST_MATH = YES;
				ONLY_ACTIVE_ARCH = YES;
				SDKROOT = iphoneos;
				SWIFT_ACTIVE_COMPILATION_CONDITIONS = DEBUG;
				SWIFT_OPTIMIZATION_LEVEL = "-Onone";
			};
			name = Debug;
		};
		0D98C6502A123774006BF05F /* Release */ = {
			isa = XCBuildConfiguration;
			buildSettings = {
				ALWAYS_SEARCH_USER_PATHS = NO;
				CLANG_ANALYZER_NONNULL = YES;
				CLANG_ANALYZER_NUMBER_OBJECT_CONVERSION = YES_AGGRESSIVE;
				CLANG_CXX_LANGUAGE_STANDARD = "gnu++20";
				CLANG_ENABLE_MODULES = YES;
				CLANG_ENABLE_OBJC_ARC = YES;
				CLANG_ENABLE_OBJC_WEAK = YES;
				CLANG_WARN_BLOCK_CAPTURE_AUTORELEASING = YES;
				CLANG_WARN_BOOL_CONVERSION = YES;
				CLANG_WARN_COMMA = YES;
				CLANG_WARN_CONSTANT_CONVERSION = YES;
				CLANG_WARN_DEPRECATED_OBJC_IMPLEMENTATIONS = YES;
				CLANG_WARN_DIRECT_OBJC_ISA_USAGE = YES_ERROR;
				CLANG_WARN_DOCUMENTATION_COMMENTS = YES;
				CLANG_WARN_EMPTY_BODY = YES;
				CLANG_WARN_ENUM_CONVERSION = YES;
				CLANG_WARN_INFINITE_RECURSION = YES;
				CLANG_WARN_INT_CONVERSION = YES;
				CLANG_WARN_NON_LITERAL_NULL_CONVERSION = YES;
				CLANG_WARN_OBJC_IMPLICIT_RETAIN_SELF = YES;
				CLANG_WARN_OBJC_LITERAL_CONVERSION = YES;
				CLANG_WARN_OBJC_ROOT_CLASS = YES_ERROR;
				CLANG_WARN_QUOTED_INCLUDE_IN_FRAMEWORK_HEADER = YES;
				CLANG_WARN_RANGE_LOOP_ANALYSIS = YES;
				CLANG_WARN_STRICT_PROTOTYPES = YES;
				CLANG_WARN_SUSPICIOUS_MOVE = YES;
				CLANG_WARN_UNGUARDED_AVAILABILITY = YES_AGGRESSIVE;
				CLANG_WARN_UNREACHABLE_CODE = YES;
				CLANG_WARN__DUPLICATE_METHOD_MATCH = YES;
				COPY_PHASE_STRIP = NO;
				DEBUG_INFORMATION_FORMAT = "dwarf-with-dsym";
				ENABLE_NS_ASSERTIONS = NO;
				ENABLE_STRICT_OBJC_MSGSEND = YES;
				GCC_C_LANGUAGE_STANDARD = gnu11;
				GCC_NO_COMMON_BLOCKS = YES;
				GCC_WARN_64_TO_32_BIT_CONVERSION = YES;
				GCC_WARN_ABOUT_RETURN_TYPE = YES_ERROR;
				GCC_WARN_UNDECLARED_SELECTOR = YES;
				GCC_WARN_UNINITIALIZED_AUTOS = YES_AGGRESSIVE;
				GCC_WARN_UNUSED_FUNCTION = YES;
				GCC_WARN_UNUSED_VARIABLE = YES;
				IPHONEOS_DEPLOYMENT_TARGET = 16.4;
				MTL_ENABLE_DEBUG_INFO = NO;
				MTL_FAST_MATH = YES;
				SDKROOT = iphoneos;
				SWIFT_COMPILATION_MODE = wholemodule;
				SWIFT_OPTIMIZATION_LEVEL = "-O";
				VALIDATE_PRODUCT = YES;
			};
			name = Release;
		};
		0D98C6522A123774006BF05F /* Debug */ = {
			isa = XCBuildConfiguration;
			buildSettings = {
				ASSETCATALOG_COMPILER_APPICON_NAME = AppIcon;
				ASSETCATALOG_COMPILER_GLOBAL_ACCENT_COLOR_NAME = AccentColor;
				CODE_SIGN_STYLE = Automatic;
				CURRENT_PROJECT_VERSION = 28;
				DEVELOPMENT_ASSET_PATHS = "\"Calculator/Preview Content\"";
				DEVELOPMENT_TEAM = 8Z29G67Z5G;
				ENABLE_PREVIEWS = YES;
				GENERATE_INFOPLIST_FILE = YES;
				INFOPLIST_KEY_LSApplicationCategoryType = "public.app-category.utilities";
				INFOPLIST_KEY_UIApplicationSceneManifest_Generation = YES;
				INFOPLIST_KEY_UIApplicationSupportsIndirectInputEvents = YES;
				INFOPLIST_KEY_UILaunchScreen_Generation = YES;
				INFOPLIST_KEY_UISupportedInterfaceOrientations_iPad = "UIInterfaceOrientationPortrait UIInterfaceOrientationPortraitUpsideDown UIInterfaceOrientationLandscapeLeft UIInterfaceOrientationLandscapeRight";
				INFOPLIST_KEY_UISupportedInterfaceOrientations_iPhone = "UIInterfaceOrientationPortrait UIInterfaceOrientationLandscapeLeft UIInterfaceOrientationLandscapeRight";
				IPHONEOS_DEPLOYMENT_TARGET = 14.0;
				LD_RUNPATH_SEARCH_PATHS = (
					"$(inherited)",
					"@executable_path/Frameworks",
				);
				MARKETING_VERSION = 2.0.0;
				PRODUCT_BUNDLE_IDENTIFIER = "com.worsof.calc-worsof";
				PRODUCT_NAME = "$(TARGET_NAME)";
				SWIFT_EMIT_LOC_STRINGS = YES;
				SWIFT_VERSION = 5.0;
				TARGETED_DEVICE_FAMILY = "1,2";
			};
			name = Debug;
		};
		0D98C6532A123774006BF05F /* Release */ = {
			isa = XCBuildConfiguration;
			buildSettings = {
				ASSETCATALOG_COMPILER_APPICON_NAME = AppIcon;
				ASSETCATALOG_COMPILER_GLOBAL_ACCENT_COLOR_NAME = AccentColor;
				CODE_SIGN_STYLE = Automatic;
				CURRENT_PROJECT_VERSION = 28;
				DEVELOPMENT_ASSET_PATHS = "\"Calculator/Preview Content\"";
				DEVELOPMENT_TEAM = 8Z29G67Z5G;
				ENABLE_PREVIEWS = YES;
				GENERATE_INFOPLIST_FILE = YES;
				INFOPLIST_KEY_LSApplicationCategoryType = "public.app-category.utilities";
				INFOPLIST_KEY_UIApplicationSceneManifest_Generation = YES;
				INFOPLIST_KEY_UIApplicationSupportsIndirectInputEvents = YES;
				INFOPLIST_KEY_UILaunchScreen_Generation = YES;
				INFOPLIST_KEY_UISupportedInterfaceOrientations_iPad = "UIInterfaceOrientationPortrait UIInterfaceOrientationPortraitUpsideDown UIInterfaceOrientationLandscapeLeft UIInterfaceOrientationLandscapeRight";
				INFOPLIST_KEY_UISupportedInterfaceOrientations_iPhone = "UIInterfaceOrientationPortrait UIInterfaceOrientationLandscapeLeft UIInterfaceOrientationLandscapeRight";
				IPHONEOS_DEPLOYMENT_TARGET = 14.0;
				LD_RUNPATH_SEARCH_PATHS = (
					"$(inherited)",
					"@executable_path/Frameworks",
				);
				MARKETING_VERSION = 2.0.0;
				PRODUCT_BUNDLE_IDENTIFIER = "com.worsof.calc-worsof";
				PRODUCT_NAME = "$(TARGET_NAME)";
				SWIFT_EMIT_LOC_STRINGS = YES;
				SWIFT_VERSION = 5.0;
				TARGETED_DEVICE_FAMILY = "1,2";
			};
			name = Release;
		};
/* End XCBuildConfiguration section */

/* Begin XCConfigurationList section */
		0D98C63E2A123773006BF05F /* Build configuration list for PBXProject "Calculator" */ = {
			isa = XCConfigurationList;
			buildConfigurations = (
				0D98C64F2A123774006BF05F /* Debug */,
				0D98C6502A123774006BF05F /* Release */,
			);
			defaultConfigurationIsVisible = 0;
			defaultConfigurationName = Release;
		};
		0D98C6512A123774006BF05F /* Build configuration list for PBXNativeTarget "Calculator - fbill" */ = {
			isa = XCConfigurationList;
			buildConfigurations = (
				0D98C6522A123774006BF05F /* Debug */,
				0D98C6532A123774006BF05F /* Release */,
			);
			defaultConfigurationIsVisible = 0;
			defaultConfigurationName = Release;
		};
/* End XCConfigurationList section */
	};
	rootObject = 0D98C63B2A123773006BF05F /* Project object */;
}
